// !$*UTF8*$!
{
	archiveVersion = 1;
	classes = {
	};
	objectVersion = 50;
	objects = {

/* Begin PBXBuildFile section */
		19788B1824FF459800CBC047 /* AppDelegate.swift in Sources */ = {isa = PBXBuildFile; fileRef = 19788B1724FF459800CBC047 /* AppDelegate.swift */; };
		19788B1A24FF459800CBC047 /* SceneDelegate.swift in Sources */ = {isa = PBXBuildFile; fileRef = 19788B1924FF459800CBC047 /* SceneDelegate.swift */; };
		19788B1C24FF459800CBC047 /* ContentView.swift in Sources */ = {isa = PBXBuildFile; fileRef = 19788B1B24FF459800CBC047 /* ContentView.swift */; };
		19788B1E24FF459C00CBC047 /* Assets.xcassets in Resources */ = {isa = PBXBuildFile; fileRef = 19788B1D24FF459C00CBC047 /* Assets.xcassets */; };
		19788B2124FF459C00CBC047 /* Preview Assets.xcassets in Resources */ = {isa = PBXBuildFile; fileRef = 19788B2024FF459C00CBC047 /* Preview Assets.xcassets */; };
		19788B2424FF459C00CBC047 /* LaunchScreen.storyboard in Resources */ = {isa = PBXBuildFile; fileRef = 19788B2224FF459C00CBC047 /* LaunchScreen.storyboard */; };
		19FBB430250A05750054D190 /* ImagePicker.swift in Sources */ = {isa = PBXBuildFile; fileRef = 19FBB42F250A05750054D190 /* ImagePicker.swift */; };
		19FBB432250A09B30054D190 /* Coordinator.swift in Sources */ = {isa = PBXBuildFile; fileRef = 19FBB431250A09B30054D190 /* Coordinator.swift */; };
		19FBB434251C304A0054D190 /* UIImageExtentions.swift in Sources */ = {isa = PBXBuildFile; fileRef = 19FBB433251C304A0054D190 /* UIImageExtentions.swift */; };
/* End PBXBuildFile section */

/* Begin PBXFileReference section */
		19788B1424FF459800CBC047 /* CameraApp.app */ = {isa = PBXFileReference; explicitFileType = wrapper.application; includeInIndex = 0; path = CameraApp.app; sourceTree = BUILT_PRODUCTS_DIR; };
		19788B1724FF459800CBC047 /* AppDelegate.swift */ = {isa = PBXFileReference; lastKnownFileType = sourcecode.swift; path = AppDelegate.swift; sourceTree = "<group>"; };
		19788B1924FF459800CBC047 /* SceneDelegate.swift */ = {isa = PBXFileReference; lastKnownFileType = sourcecode.swift; path = SceneDelegate.swift; sourceTree = "<group>"; };
		19788B1B24FF459800CBC047 /* ContentView.swift */ = {isa = PBXFileReference; lastKnownFileType = sourcecode.swift; path = ContentView.swift; sourceTree = "<group>"; };
		19788B1D24FF459C00CBC047 /* Assets.xcassets */ = {isa = PBXFileReference; lastKnownFileType = folder.assetcatalog; path = Assets.xcassets; sourceTree = "<group>"; };
		19788B2024FF459C00CBC047 /* Preview Assets.xcassets */ = {isa = PBXFileReference; lastKnownFileType = folder.assetcatalog; path = "Preview Assets.xcassets"; sourceTree = "<group>"; };
		19788B2324FF459C00CBC047 /* Base */ = {isa = PBXFileReference; lastKnownFileType = file.storyboard; name = Base; path = Base.lproj/LaunchScreen.storyboard; sourceTree = "<group>"; };
		19788B2524FF459C00CBC047 /* Info.plist */ = {isa = PBXFileReference; lastKnownFileType = text.plist.xml; path = Info.plist; sourceTree = "<group>"; };
		19FBB42F250A05750054D190 /* ImagePicker.swift */ = {isa = PBXFileReference; lastKnownFileType = sourcecode.swift; path = ImagePicker.swift; sourceTree = "<group>"; };
		19FBB431250A09B30054D190 /* Coordinator.swift */ = {isa = PBXFileReference; lastKnownFileType = sourcecode.swift; path = Coordinator.swift; sourceTree = "<group>"; };
		19FBB433251C304A0054D190 /* UIImageExtentions.swift */ = {isa = PBXFileReference; lastKnownFileType = sourcecode.swift; path = UIImageExtentions.swift; sourceTree = "<group>"; };
/* End PBXFileReference section */

/* Begin PBXFrameworksBuildPhase section */
		19788B1124FF459800CBC047 /* Frameworks */ = {
			isa = PBXFrameworksBuildPhase;
			buildActionMask = 2147483647;
			files = (
			);
			runOnlyForDeploymentPostprocessing = 0;
		};
/* End PBXFrameworksBuildPhase section */

/* Begin PBXGroup section */
		19788B0B24FF459800CBC047 = {
			isa = PBXGroup;
			children = (
				19788B1624FF459800CBC047 /* CameraApp */,
				19788B1524FF459800CBC047 /* Products */,
			);
			sourceTree = "<group>";
		};
		19788B1524FF459800CBC047 /* Products */ = {
			isa = PBXGroup;
			children = (
				19788B1424FF459800CBC047 /* CameraApp.app */,
			);
			name = Products;
			sourceTree = "<group>";
		};
		19788B1624FF459800CBC047 /* CameraApp */ = {
			isa = PBXGroup;
			children = (
				19788B1724FF459800CBC047 /* AppDelegate.swift */,
				19788B1924FF459800CBC047 /* SceneDelegate.swift */,
				19788B1B24FF459800CBC047 /* ContentView.swift */,
				19FBB42F250A05750054D190 /* ImagePicker.swift */,
				19FBB431250A09B30054D190 /* Coordinator.swift */,
				19FBB433251C304A0054D190 /* UIImageExtentions.swift */,
				19788B1D24FF459C00CBC047 /* Assets.xcassets */,
				19788B2224FF459C00CBC047 /* LaunchScreen.storyboard */,
				19788B2524FF459C00CBC047 /* Info.plist */,
				19788B1F24FF459C00CBC047 /* Preview Content */,
			);
			path = CameraApp;
			sourceTree = "<group>";
		};
		19788B1F24FF459C00CBC047 /* Preview Content */ = {
			isa = PBXGroup;
			children = (
				19788B2024FF459C00CBC047 /* Preview Assets.xcassets */,
			);
			path = "Preview Content";
			sourceTree = "<group>";
		};
/* End PBXGroup section */

/* Begin PBXNativeTarget section */
		19788B1324FF459800CBC047 /* CameraApp */ = {
			isa = PBXNativeTarget;
			buildConfigurationList = 19788B2824FF459C00CBC047 /* Build configuration list for PBXNativeTarget "CameraApp" */;
			buildPhases = (
				19788B1024FF459800CBC047 /* Sources */,
				19788B1124FF459800CBC047 /* Frameworks */,
				19788B1224FF459800CBC047 /* Resources */,
			);
			buildRules = (
			);
			dependencies = (
			);
			name = CameraApp;
			productName = CameraApp;
			productReference = 19788B1424FF459800CBC047 /* CameraApp.app */;
			productType = "com.apple.product-type.application";
		};
/* End PBXNativeTarget section */

/* Begin PBXProject section */
		19788B0C24FF459800CBC047 /* Project object */ = {
			isa = PBXProject;
			attributes = {
				LastSwiftUpdateCheck = 1160;
				LastUpgradeCheck = 1160;
				ORGANIZATIONNAME = "水越成美";
				TargetAttributes = {
					19788B1324FF459800CBC047 = {
						CreatedOnToolsVersion = 11.6;
					};
				};
			};
			buildConfigurationList = 19788B0F24FF459800CBC047 /* Build configuration list for PBXProject "CameraApp" */;
			compatibilityVersion = "Xcode 9.3";
			developmentRegion = en;
			hasScannedForEncodings = 0;
			knownRegions = (
				en,
				Base,
			);
			mainGroup = 19788B0B24FF459800CBC047;
			productRefGroup = 19788B1524FF459800CBC047 /* Products */;
			projectDirPath = "";
			projectRoot = "";
			targets = (
				19788B1324FF459800CBC047 /* CameraApp */,
			);
		};
/* End PBXProject section */

/* Begin PBXResourcesBuildPhase section */
		19788B1224FF459800CBC047 /* Resources */ = {
			isa = PBXResourcesBuildPhase;
			buildActionMask = 2147483647;
			files = (
				19788B2424FF459C00CBC047 /* LaunchScreen.storyboard in Resources */,
				19788B2124FF459C00CBC047 /* Preview Assets.xcassets in Resources */,
				19788B1E24FF459C00CBC047 /* Assets.xcassets in Resources */,
			);
			runOnlyForDeploymentPostprocessing = 0;
		};
/* End PBXResourcesBuildPhase section */

/* Begin PBXSourcesBuildPhase section */
		19788B1024FF459800CBC047 /* Sources */ = {
			isa = PBXSourcesBuildPhase;
			buildActionMask = 2147483647;
			files = (
				19FBB434251C304A0054D190 /* UIImageExtentions.swift in Sources */,
				19788B1824FF459800CBC047 /* AppDelegate.swift in Sources */,
				19FBB430250A05750054D190 /* ImagePicker.swift in Sources */,
				19FBB432250A09B30054D190 /* Coordinator.swift in Sources */,
				19788B1A24FF459800CBC047 /* SceneDelegate.swift in Sources */,
				19788B1C24FF459800CBC047 /* ContentView.swift in Sources */,
			);
			runOnlyForDeploymentPostprocessing = 0;
		};
/* End PBXSourcesBuildPhase section */

/* Begin PBXVariantGroup section */
		19788B2224FF459C00CBC047 /* LaunchScreen.storyboard */ = {
			isa = PBXVariantGroup;
			children = (
				19788B2324FF459C00CBC047 /* Base */,
			);
			name = LaunchScreen.storyboard;
			sourceTree = "<group>";
		};
/* End PBXVariantGroup section */

/* Begin XCBuildConfiguration section */
		19788B2624FF459C00CBC047 /* Debug */ = {
			isa = XCBuildConfiguration;
			buildSettings = {
				ALWAYS_SEARCH_USER_PATHS = NO;
				CLANG_ANALYZER_NONNULL = YES;
				CLANG_ANALYZER_NUMBER_OBJECT_CONVERSION = YES_AGGRESSIVE;
				CLANG_CXX_LANGUAGE_STANDARD = "gnu++14";
				CLANG_CXX_LIBRARY = "libc++";
				CLANG_ENABLE_MODULES = YES;
				CLANG_ENABLE_OBJC_ARC = YES;
				CLANG_ENABLE_OBJC_WEAK = YES;
				CLANG_WARN_BLOCK_CAPTURE_AUTORELEASING = YES;
				CLANG_WARN_BOOL_CONVERSION = YES;
				CLANG_WARN_COMMA = YES;
				CLANG_WARN_CONSTANT_CONVERSION = YES;
				CLANG_WARN_DEPRECATED_OBJC_IMPLEMENTATIONS = YES;
				CLANG_WARN_DIRECT_OBJC_ISA_USAGE = YES_ERROR;
				CLANG_WARN_DOCUMENTATION_COMMENTS = YES;
				CLANG_WARN_EMPTY_BODY = YES;
				CLANG_WARN_ENUM_CONVERSION = YES;
				CLANG_WARN_INFINITE_RECURSION = YES;
				CLANG_WARN_INT_CONVERSION = YES;
				CLANG_WARN_NON_LITERAL_NULL_CONVERSION = YES;
				CLANG_WARN_OBJC_IMPLICIT_RETAIN_SELF = YES;
				CLANG_WARN_OBJC_LITERAL_CONVERSION = YES;
				CLANG_WARN_OBJC_ROOT_CLASS = YES_ERROR;
				CLANG_WARN_RANGE_LOOP_ANALYSIS = YES;
				CLANG_WARN_STRICT_PROTOTYPES = YES;
				CLANG_WARN_SUSPICIOUS_MOVE = YES;
				CLANG_WARN_UNGUARDED_AVAILABILITY = YES_AGGRESSIVE;
				CLANG_WARN_UNREACHABLE_CODE = YES;
				CLANG_WARN__DUPLICATE_METHOD_MATCH = YES;
				COPY_PHASE_STRIP = NO;
				DEBUG_INFORMATION_FORMAT = dwarf;
				ENABLE_STRICT_OBJC_MSGSEND = YES;
				ENABLE_TESTABILITY = YES;
				GCC_C_LANGUAGE_STANDARD = gnu11;
				GCC_DYNAMIC_NO_PIC = NO;
				GCC_NO_COMMON_BLOCKS = YES;
				GCC_OPTIMIZATION_LEVEL = 0;
				GCC_PREPROCESSOR_DEFINITIONS = (
					"DEBUG=1",
					"$(inherited)",
				);
				GCC_WARN_64_TO_32_BIT_CONVERSION = YES;
				GCC_WARN_ABOUT_RETURN_TYPE = YES_ERROR;
				GCC_WARN_UNDECLARED_SELECTOR = YES;
				GCC_WARN_UNINITIALIZED_AUTOS = YES_AGGRESSIVE;
				GCC_WARN_UNUSED_FUNCTION = YES;
				GCC_WARN_UNUSED_VARIABLE = YES;
				IPHONEOS_DEPLOYMENT_TARGET = 13.6;
				MTL_ENABLE_DEBUG_INFO = INCLUDE_SOURCE;
				MTL_FAST_MATH = YES;
				ONLY_ACTIVE_ARCH = YES;
				SDKROOT = iphoneos;
				SWIFT_ACTIVE_COMPILATION_CONDITIONS = DEBUG;
				SWIFT_OPTIMIZATION_LEVEL = "-Onone";
			};
			name = Debug;
		};
		19788B2724FF459C00CBC047 /* Release */ = {
			isa = XCBuildConfiguration;
			buildSettings = {
				ALWAYS_SEARCH_USER_PATHS = NO;
				CLANG_ANALYZER_NONNULL = YES;
				CLANG_ANALYZER_NUMBER_OBJECT_CONVERSION = YES_AGGRESSIVE;
				CLANG_CXX_LANGUAGE_STANDARD = "gnu++14";
				CLANG_CXX_LIBRARY = "libc++";
				CLANG_ENABLE_MODULES = YES;
				CLANG_ENABLE_OBJC_ARC = YES;
				CLANG_ENABLE_OBJC_WEAK = YES;
				CLANG_WARN_BLOCK_CAPTURE_AUTORELEASING = YES;
				CLANG_WARN_BOOL_CONVERSION = YES;
				CLANG_WARN_COMMA = YES;
				CLANG_WARN_CONSTANT_CONVERSION = YES;
				CLANG_WARN_DEPRECATED_OBJC_IMPLEMENTATIONS = YES;
				CLANG_WARN_DIRECT_OBJC_ISA_USAGE = YES_ERROR;
				CLANG_WARN_DOCUMENTATION_COMMENTS = YES;
				CLANG_WARN_EMPTY_BODY = YES;
				CLANG_WARN_ENUM_CONVERSION = YES;
				CLANG_WARN_INFINITE_RECURSION = YES;
				CLANG_WARN_INT_CONVERSION = YES;
				CLANG_WARN_NON_LITERAL_NULL_CONVERSION = YES;
				CLANG_WARN_OBJC_IMPLICIT_RETAIN_SELF = YES;
				CLANG_WARN_OBJC_LITERAL_CONVERSION = YES;
				CLANG_WARN_OBJC_ROOT_CLASS = YES_ERROR;
				CLANG_WARN_RANGE_LOOP_ANALYSIS = YES;
				CLANG_WARN_STRICT_PROTOTYPES = YES;
				CLANG_WARN_SUSPICIOUS_MOVE = YES;
				CLANG_WARN_UNGUARDED_AVAILABILITY = YES_AGGRESSIVE;
				CLANG_WARN_UNREACHABLE_CODE = YES;
				CLANG_WARN__DUPLICATE_METHOD_MATCH = YES;
				COPY_PHASE_STRIP = NO;
				DEBUG_INFORMATION_FORMAT = "dwarf-with-dsym";
				ENABLE_NS_ASSERTIONS = NO;
				ENABLE_STRICT_OBJC_MSGSEND = YES;
				GCC_C_LANGUAGE_STANDARD = gnu11;
				GCC_NO_COMMON_BLOCKS = YES;
				GCC_WARN_64_TO_32_BIT_CONVERSION = YES;
				GCC_WARN_ABOUT_RETURN_TYPE = YES_ERROR;
				GCC_WARN_UNDECLARED_SELECTOR = YES;
				GCC_WARN_UNINITIALIZED_AUTOS = YES_AGGRESSIVE;
				GCC_WARN_UNUSED_FUNCTION = YES;
				GCC_WARN_UNUSED_VARIABLE = YES;
				IPHONEOS_DEPLOYMENT_TARGET = 13.6;
				MTL_ENABLE_DEBUG_INFO = NO;
				MTL_FAST_MATH = YES;
				SDKROOT = iphoneos;
				SWIFT_COMPILATION_MODE = wholemodule;
				SWIFT_OPTIMIZATION_LEVEL = "-O";
				VALIDATE_PRODUCT = YES;
			};
			name = Release;
		};
		19788B2924FF459C00CBC047 /* Debug */ = {
			isa = XCBuildConfiguration;
			buildSettings = {
				ASSETCATALOG_COMPILER_APPICON_NAME = AppIcon;
				CODE_SIGN_STYLE = Automatic;
				DEVELOPMENT_ASSET_PATHS = "\"CameraApp/Preview Content\"";
				DEVELOPMENT_TEAM = G5TL2DRH35;
				ENABLE_PREVIEWS = YES;
				INFOPLIST_FILE = CameraApp/Info.plist;
				IPHONEOS_DEPLOYMENT_TARGET = 13.5;
				LD_RUNPATH_SEARCH_PATHS = (
					"$(inherited)",
					"@executable_path/Frameworks",
				);
				PRODUCT_BUNDLE_IDENTIFIER = tokyo.mizko.CameraApp;
				PRODUCT_NAME = "$(TARGET_NAME)";
				SWIFT_VERSION = 5.0;
				TARGETED_DEVICE_FAMILY = "1,2";
			};
			name = Debug;
		};
		19788B2A24FF459C00CBC047 /* Release */ = {
			isa = XCBuildConfiguration;
			buildSettings = {
				ASSETCATALOG_COMPILER_APPICON_NAME = AppIcon;
				CODE_SIGN_STYLE = Automatic;
				DEVELOPMENT_ASSET_PATHS = "\"CameraApp/Preview Content\"";
				DEVELOPMENT_TEAM = G5TL2DRH35;
				ENABLE_PREVIEWS = YES;
				INFOPLIST_FILE = CameraApp/Info.plist;
				IPHONEOS_DEPLOYMENT_TARGET = 13.5;
				LD_RUNPATH_SEARCH_PATHS = (
					"$(inherited)",
					"@executable_path/Frameworks",
				);
				PRODUCT_BUNDLE_IDENTIFIER = tokyo.mizko.CameraApp;
				PRODUCT_NAME = "$(TARGET_NAME)";
				SWIFT_VERSION = 5.0;
				TARGETED_DEVICE_FAMILY = "1,2";
			};
			name = Release;
		};
/* End XCBuildConfiguration section */

/* Begin XCConfigurationList section */
		19788B0F24FF459800CBC047 /* Build configuration list for PBXProject "CameraApp" */ = {
			isa = XCConfigurationList;
			buildConfigurations = (
				19788B2624FF459C00CBC047 /* Debug */,
				19788B2724FF459C00CBC047 /* Release */,
			);
			defaultConfigurationIsVisible = 0;
			defaultConfigurationName = Release;
		};
		19788B2824FF459C00CBC047 /* Build configuration list for PBXNativeTarget "CameraApp" */ = {
			isa = XCConfigurationList;
			buildConfigurations = (
				19788B2924FF459C00CBC047 /* Debug */,
				19788B2A24FF459C00CBC047 /* Release */,
			);
			defaultConfigurationIsVisible = 0;
			defaultConfigurationName = Release;
		};
/* End XCConfigurationList section */
	};
	rootObject = 19788B0C24FF459800CBC047 /* Project object */;
}
