// !$*UTF8*$!
{
	archiveVersion = 1;
	classes = {
	};
	objectVersion = 50;
	objects = {

/* Begin PBXBuildFile section */
		19FBB442251C3FBE0054D190 /* AppDelegate.swift in Sources */ = {isa = PBXBuildFile; fileRef = 19FBB441251C3FBE0054D190 /* AppDelegate.swift */; };
		19FBB444251C3FBE0054D190 /* SceneDelegate.swift in Sources */ = {isa = PBXBuildFile; fileRef = 19FBB443251C3FBE0054D190 /* SceneDelegate.swift */; };
		19FBB446251C3FBE0054D190 /* ContentView.swift in Sources */ = {isa = PBXBuildFile; fileRef = 19FBB445251C3FBE0054D190 /* ContentView.swift */; };
		19FBB448251C3FCB0054D190 /* Assets.xcassets in Resources */ = {isa = PBXBuildFile; fileRef = 19FBB447251C3FCB0054D190 /* Assets.xcassets */; };
		19FBB44B251C3FCB0054D190 /* Preview Assets.xcassets in Resources */ = {isa = PBXBuildFile; fileRef = 19FBB44A251C3FCB0054D190 /* Preview Assets.xcassets */; };
		19FBB44E251C3FCB0054D190 /* LaunchScreen.storyboard in Resources */ = {isa = PBXBuildFile; fileRef = 19FBB44C251C3FCB0054D190 /* LaunchScreen.storyboard */; };
		19FBB458251C411D0054D190 /* Localizable.strings in Resources */ = {isa = PBXBuildFile; fileRef = 19FBB45A251C411D0054D190 /* Localizable.strings */; };
		19FBB45D251C418A0054D190 /* InfoPlist.strings in Resources */ = {isa = PBXBuildFile; fileRef = 19FBB45F251C418A0054D190 /* InfoPlist.strings */; };
/* End PBXBuildFile section */

/* Begin PBXFileReference section */
		19FBB43E251C3FBE0054D190 /* LocalizationApp.app */ = {isa = PBXFileReference; explicitFileType = wrapper.application; includeInIndex = 0; path = LocalizationApp.app; sourceTree = BUILT_PRODUCTS_DIR; };
		19FBB441251C3FBE0054D190 /* AppDelegate.swift */ = {isa = PBXFileReference; lastKnownFileType = sourcecode.swift; path = AppDelegate.swift; sourceTree = "<group>"; };
		19FBB443251C3FBE0054D190 /* SceneDelegate.swift */ = {isa = PBXFileReference; lastKnownFileType = sourcecode.swift; path = SceneDelegate.swift; sourceTree = "<group>"; };
		19FBB445251C3FBE0054D190 /* ContentView.swift */ = {isa = PBXFileReference; lastKnownFileType = sourcecode.swift; path = ContentView.swift; sourceTree = "<group>"; };
		19FBB447251C3FCB0054D190 /* Assets.xcassets */ = {isa = PBXFileReference; lastKnownFileType = folder.assetcatalog; path = Assets.xcassets; sourceTree = "<group>"; };
		19FBB44A251C3FCB0054D190 /* Preview Assets.xcassets */ = {isa = PBXFileReference; lastKnownFileType = folder.assetcatalog; path = "Preview Assets.xcassets"; sourceTree = "<group>"; };
		19FBB44D251C3FCB0054D190 /* Base */ = {isa = PBXFileReference; lastKnownFileType = file.storyboard; name = Base; path = Base.lproj/LaunchScreen.storyboard; sourceTree = "<group>"; };
		19FBB44F251C3FCB0054D190 /* Info.plist */ = {isa = PBXFileReference; lastKnownFileType = text.plist.xml; path = Info.plist; sourceTree = "<group>"; };
		19FBB455251C40770054D190 /* ja */ = {isa = PBXFileReference; lastKnownFileType = text.plist.strings; name = ja; path = ja.lproj/LaunchScreen.strings; sourceTree = "<group>"; };
		19FBB459251C411D0054D190 /* ja */ = {isa = PBXFileReference; lastKnownFileType = text.plist.strings; name = ja; path = ja.lproj/Localizable.strings; sourceTree = "<group>"; };
		19FBB45E251C418A0054D190 /* ja */ = {isa = PBXFileReference; lastKnownFileType = text.plist.strings; name = ja; path = ja.lproj/InfoPlist.strings; sourceTree = "<group>"; };
/* End PBXFileReference section */

/* Begin PBXFrameworksBuildPhase section */
		19FBB43B251C3FBE0054D190 /* Frameworks */ = {
			isa = PBXFrameworksBuildPhase;
			buildActionMask = 2147483647;
			files = (
			);
			runOnlyForDeploymentPostprocessing = 0;
		};
/* End PBXFrameworksBuildPhase section */

/* Begin PBXGroup section */
		19FBB435251C3FBE0054D190 = {
			isa = PBXGroup;
			children = (
				19FBB440251C3FBE0054D190 /* LocalizationApp */,
				19FBB43F251C3FBE0054D190 /* Products */,
			);
			sourceTree = "<group>";
		};
		19FBB43F251C3FBE0054D190 /* Products */ = {
			isa = PBXGroup;
			children = (
				19FBB43E251C3FBE0054D190 /* LocalizationApp.app */,
			);
			name = Products;
			sourceTree = "<group>";
		};
		19FBB440251C3FBE0054D190 /* LocalizationApp */ = {
			isa = PBXGroup;
			children = (
				19FBB441251C3FBE0054D190 /* AppDelegate.swift */,
				19FBB443251C3FBE0054D190 /* SceneDelegate.swift */,
				19FBB445251C3FBE0054D190 /* ContentView.swift */,
				19FBB45F251C418A0054D190 /* InfoPlist.strings */,
				19FBB45A251C411D0054D190 /* Localizable.strings */,
				19FBB447251C3FCB0054D190 /* Assets.xcassets */,
				19FBB44C251C3FCB0054D190 /* LaunchScreen.storyboard */,
				19FBB44F251C3FCB0054D190 /* Info.plist */,
				19FBB449251C3FCB0054D190 /* Preview Content */,
			);
			path = LocalizationApp;
			sourceTree = "<group>";
		};
		19FBB449251C3FCB0054D190 /* Preview Content */ = {
			isa = PBXGroup;
			children = (
				19FBB44A251C3FCB0054D190 /* Preview Assets.xcassets */,
			);
			path = "Preview Content";
			sourceTree = "<group>";
		};
/* End PBXGroup section */

/* Begin PBXNativeTarget section */
		19FBB43D251C3FBE0054D190 /* LocalizationApp */ = {
			isa = PBXNativeTarget;
			buildConfigurationList = 19FBB452251C3FCB0054D190 /* Build configuration list for PBXNativeTarget "LocalizationApp" */;
			buildPhases = (
				19FBB43A251C3FBE0054D190 /* Sources */,
				19FBB43B251C3FBE0054D190 /* Frameworks */,
				19FBB43C251C3FBE0054D190 /* Resources */,
			);
			buildRules = (
			);
			dependencies = (
			);
			name = LocalizationApp;
			productName = LocalizationApp;
			productReference = 19FBB43E251C3FBE0054D190 /* LocalizationApp.app */;
			productType = "com.apple.product-type.application";
		};
/* End PBXNativeTarget section */

/* Begin PBXProject section */
		19FBB436251C3FBE0054D190 /* Project object */ = {
			isa = PBXProject;
			attributes = {
				LastSwiftUpdateCheck = 1170;
				LastUpgradeCheck = 1170;
				ORGANIZATIONNAME = "水越成美";
				TargetAttributes = {
					19FBB43D251C3FBE0054D190 = {
						CreatedOnToolsVersion = 11.7;
					};
				};
			};
			buildConfigurationList = 19FBB439251C3FBE0054D190 /* Build configuration list for PBXProject "LocalizationApp" */;
			compatibilityVersion = "Xcode 9.3";
			developmentRegion = en;
			hasScannedForEncodings = 0;
			knownRegions = (
				en,
				Base,
				ja,
			);
			mainGroup = 19FBB435251C3FBE0054D190;
			productRefGroup = 19FBB43F251C3FBE0054D190 /* Products */;
			projectDirPath = "";
			projectRoot = "";
			targets = (
				19FBB43D251C3FBE0054D190 /* LocalizationApp */,
			);
		};
/* End PBXProject section */

/* Begin PBXResourcesBuildPhase section */
		19FBB43C251C3FBE0054D190 /* Resources */ = {
			isa = PBXResourcesBuildPhase;
			buildActionMask = 2147483647;
			files = (
				19FBB44E251C3FCB0054D190 /* LaunchScreen.storyboard in Resources */,
				19FBB458251C411D0054D190 /* Localizable.strings in Resources */,
				19FBB44B251C3FCB0054D190 /* Preview Assets.xcassets in Resources */,
				19FBB448251C3FCB0054D190 /* Assets.xcassets in Resources */,
				19FBB45D251C418A0054D190 /* InfoPlist.strings in Resources */,
			);
			runOnlyForDeploymentPostprocessing = 0;
		};
/* End PBXResourcesBuildPhase section */

/* Begin PBXSourcesBuildPhase section */
		19FBB43A251C3FBE0054D190 /* Sources */ = {
			isa = PBXSourcesBuildPhase;
			buildActionMask = 2147483647;
			files = (
				19FBB442251C3FBE0054D190 /* AppDelegate.swift in Sources */,
				19FBB444251C3FBE0054D190 /* SceneDelegate.swift in Sources */,
				19FBB446251C3FBE0054D190 /* ContentView.swift in Sources */,
			);
			runOnlyForDeploymentPostprocessing = 0;
		};
/* End PBXSourcesBuildPhase section */

/* Begin PBXVariantGroup section */
		19FBB44C251C3FCB0054D190 /* LaunchScreen.storyboard */ = {
			isa = PBXVariantGroup;
			children = (
				19FBB44D251C3FCB0054D190 /* Base */,
				19FBB455251C40770054D190 /* ja */,
			);
			name = LaunchScreen.storyboard;
			sourceTree = "<group>";
		};
		19FBB45A251C411D0054D190 /* Localizable.strings */ = {
			isa = PBXVariantGroup;
			children = (
				19FBB459251C411D0054D190 /* ja */,
			);
			name = Localizable.strings;
			sourceTree = "<group>";
		};
		19FBB45F251C418A0054D190 /* InfoPlist.strings */ = {
			isa = PBXVariantGroup;
			children = (
				19FBB45E251C418A0054D190 /* ja */,
			);
			name = InfoPlist.strings;
			sourceTree = "<group>";
		};
/* End PBXVariantGroup section */

/* Begin XCBuildConfiguration section */
		19FBB450251C3FCB0054D190 /* Debug */ = {
			isa = XCBuildConfiguration;
			buildSettings = {
				ALWAYS_SEARCH_USER_PATHS = NO;
				CLANG_ANALYZER_LOCALIZABILITY_NONLOCALIZED = YES;
				CLANG_ANALYZER_NONNULL = YES;
				CLANG_ANALYZER_NUMBER_OBJECT_CONVERSION = YES_AGGRESSIVE;
				CLANG_CXX_LANGUAGE_STANDARD = "gnu++14";
				CLANG_CXX_LIBRARY = "libc++";
				CLANG_ENABLE_MODULES = YES;
				CLANG_ENABLE_OBJC_ARC = YES;
				CLANG_ENABLE_OBJC_WEAK = YES;
				CLANG_WARN_BLOCK_CAPTURE_AUTORELEASING = YES;
				CLANG_WARN_BOOL_CONVERSION = YES;
				CLANG_WARN_COMMA = YES;
				CLANG_WARN_CONSTANT_CONVERSION = YES;
				CLANG_WARN_DEPRECATED_OBJC_IMPLEMENTATIONS = YES;
				CLANG_WARN_DIRECT_OBJC_ISA_USAGE = YES_ERROR;
				CLANG_WARN_DOCUMENTATION_COMMENTS = YES;
				CLANG_WARN_EMPTY_BODY = YES;
				CLANG_WARN_ENUM_CONVERSION = YES;
				CLANG_WARN_INFINITE_RECURSION = YES;
				CLANG_WARN_INT_CONVERSION = YES;
				CLANG_WARN_NON_LITERAL_NULL_CONVERSION = YES;
				CLANG_WARN_OBJC_IMPLICIT_RETAIN_SELF = YES;
				CLANG_WARN_OBJC_LITERAL_CONVERSION = YES;
				CLANG_WARN_OBJC_ROOT_CLASS = YES_ERROR;
				CLANG_WARN_RANGE_LOOP_ANALYSIS = YES;
				CLANG_WARN_STRICT_PROTOTYPES = YES;
				CLANG_WARN_SUSPICIOUS_MOVE = YES;
				CLANG_WARN_UNGUARDED_AVAILABILITY = YES_AGGRESSIVE;
				CLANG_WARN_UNREACHABLE_CODE = YES;
				CLANG_WARN__DUPLICATE_METHOD_MATCH = YES;
				COPY_PHASE_STRIP = NO;
				DEBUG_INFORMATION_FORMAT = dwarf;
				ENABLE_STRICT_OBJC_MSGSEND = YES;
				ENABLE_TESTABILITY = YES;
				GCC_C_LANGUAGE_STANDARD = gnu11;
				GCC_DYNAMIC_NO_PIC = NO;
				GCC_NO_COMMON_BLOCKS = YES;
				GCC_OPTIMIZATION_LEVEL = 0;
				GCC_PREPROCESSOR_DEFINITIONS = (
					"DEBUG=1",
					"$(inherited)",
				);
				GCC_WARN_64_TO_32_BIT_CONVERSION = YES;
				GCC_WARN_ABOUT_RETURN_TYPE = YES_ERROR;
				GCC_WARN_UNDECLARED_SELECTOR = YES;
				GCC_WARN_UNINITIALIZED_AUTOS = YES_AGGRESSIVE;
				GCC_WARN_UNUSED_FUNCTION = YES;
				GCC_WARN_UNUSED_VARIABLE = YES;
				IPHONEOS_DEPLOYMENT_TARGET = 13.7;
				MTL_ENABLE_DEBUG_INFO = INCLUDE_SOURCE;
				MTL_FAST_MATH = YES;
				ONLY_ACTIVE_ARCH = YES;
				SDKROOT = iphoneos;
				SWIFT_ACTIVE_COMPILATION_CONDITIONS = DEBUG;
				SWIFT_OPTIMIZATION_LEVEL = "-Onone";
			};
			name = Debug;
		};
		19FBB451251C3FCB0054D190 /* Release */ = {
			isa = XCBuildConfiguration;
			buildSettings = {
				ALWAYS_SEARCH_USER_PATHS = NO;
				CLANG_ANALYZER_LOCALIZABILITY_NONLOCALIZED = YES;
				CLANG_ANALYZER_NONNULL = YES;
				CLANG_ANALYZER_NUMBER_OBJECT_CONVERSION = YES_AGGRESSIVE;
				CLANG_CXX_LANGUAGE_STANDARD = "gnu++14";
				CLANG_CXX_LIBRARY = "libc++";
				CLANG_ENABLE_MODULES = YES;
				CLANG_ENABLE_OBJC_ARC = YES;
				CLANG_ENABLE_OBJC_WEAK = YES;
				CLANG_WARN_BLOCK_CAPTURE_AUTORELEASING = YES;
				CLANG_WARN_BOOL_CONVERSION = YES;
				CLANG_WARN_COMMA = YES;
				CLANG_WARN_CONSTANT_CONVERSION = YES;
				CLANG_WARN_DEPRECATED_OBJC_IMPLEMENTATIONS = YES;
				CLANG_WARN_DIRECT_OBJC_ISA_USAGE = YES_ERROR;
				CLANG_WARN_DOCUMENTATION_COMMENTS = YES;
				CLANG_WARN_EMPTY_BODY = YES;
				CLANG_WARN_ENUM_CONVERSION = YES;
				CLANG_WARN_INFINITE_RECURSION = YES;
				CLANG_WARN_INT_CONVERSION = YES;
				CLANG_WARN_NON_LITERAL_NULL_CONVERSION = YES;
				CLANG_WARN_OBJC_IMPLICIT_RETAIN_SELF = YES;
				CLANG_WARN_OBJC_LITERAL_CONVERSION = YES;
				CLANG_WARN_OBJC_ROOT_CLASS = YES_ERROR;
				CLANG_WARN_RANGE_LOOP_ANALYSIS = YES;
				CLANG_WARN_STRICT_PROTOTYPES = YES;
				CLANG_WARN_SUSPICIOUS_MOVE = YES;
				CLANG_WARN_UNGUARDED_AVAILABILITY = YES_AGGRESSIVE;
				CLANG_WARN_UNREACHABLE_CODE = YES;
				CLANG_WARN__DUPLICATE_METHOD_MATCH = YES;
				COPY_PHASE_STRIP = NO;
				DEBUG_INFORMATION_FORMAT = "dwarf-with-dsym";
				ENABLE_NS_ASSERTIONS = NO;
				ENABLE_STRICT_OBJC_MSGSEND = YES;
				GCC_C_LANGUAGE_STANDARD = gnu11;
				GCC_NO_COMMON_BLOCKS = YES;
				GCC_WARN_64_TO_32_BIT_CONVERSION = YES;
				GCC_WARN_ABOUT_RETURN_TYPE = YES_ERROR;
				GCC_WARN_UNDECLARED_SELECTOR = YES;
				GCC_WARN_UNINITIALIZED_AUTOS = YES_AGGRESSIVE;
				GCC_WARN_UNUSED_FUNCTION = YES;
				GCC_WARN_UNUSED_VARIABLE = YES;
				IPHONEOS_DEPLOYMENT_TARGET = 13.7;
				MTL_ENABLE_DEBUG_INFO = NO;
				MTL_FAST_MATH = YES;
				SDKROOT = iphoneos;
				SWIFT_COMPILATION_MODE = wholemodule;
				SWIFT_OPTIMIZATION_LEVEL = "-O";
				VALIDATE_PRODUCT = YES;
			};
			name = Release;
		};
		19FBB453251C3FCB0054D190 /* Debug */ = {
			isa = XCBuildConfiguration;
			buildSettings = {
				ASSETCATALOG_COMPILER_APPICON_NAME = AppIcon;
				CODE_SIGN_STYLE = Automatic;
				DEVELOPMENT_ASSET_PATHS = "\"LocalizationApp/Preview Content\"";
				DEVELOPMENT_TEAM = G5TL2DRH35;
				ENABLE_PREVIEWS = YES;
				INFOPLIST_FILE = LocalizationApp/Info.plist;
				LD_RUNPATH_SEARCH_PATHS = (
					"$(inherited)",
					"@executable_path/Frameworks",
				);
				PRODUCT_BUNDLE_IDENTIFIER = tokyo.mizko.LocalizationApp;
				PRODUCT_NAME = "$(TARGET_NAME)";
				SWIFT_VERSION = 5.0;
				TARGETED_DEVICE_FAMILY = "1,2";
			};
			name = Debug;
		};
		19FBB454251C3FCB0054D190 /* Release */ = {
			isa = XCBuildConfiguration;
			buildSettings = {
				ASSETCATALOG_COMPILER_APPICON_NAME = AppIcon;
				CODE_SIGN_STYLE = Automatic;
				DEVELOPMENT_ASSET_PATHS = "\"LocalizationApp/Preview Content\"";
				DEVELOPMENT_TEAM = G5TL2DRH35;
				ENABLE_PREVIEWS = YES;
				INFOPLIST_FILE = LocalizationApp/Info.plist;
				LD_RUNPATH_SEARCH_PATHS = (
					"$(inherited)",
					"@executable_path/Frameworks",
				);
				PRODUCT_BUNDLE_IDENTIFIER = tokyo.mizko.LocalizationApp;
				PRODUCT_NAME = "$(TARGET_NAME)";
				SWIFT_VERSION = 5.0;
				TARGETED_DEVICE_FAMILY = "1,2";
			};
			name = Release;
		};
/* End XCBuildConfiguration section */

/* Begin XCConfigurationList section */
		19FBB439251C3FBE0054D190 /* Build configuration list for PBXProject "LocalizationApp" */ = {
			isa = XCConfigurationList;
			buildConfigurations = (
				19FBB450251C3FCB0054D190 /* Debug */,
				19FBB451251C3FCB0054D190 /* Release */,
			);
			defaultConfigurationIsVisible = 0;
			defaultConfigurationName = Release;
		};
		19FBB452251C3FCB0054D190 /* Build configuration list for PBXNativeTarget "LocalizationApp" */ = {
			isa = XCConfigurationList;
			buildConfigurations = (
				19FBB453251C3FCB0054D190 /* Debug */,
				19FBB454251C3FCB0054D190 /* Release */,
			);
			defaultConfigurationIsVisible = 0;
			defaultConfigurationName = Release;
		};
/* End XCConfigurationList section */
	};
	rootObject = 19FBB436251C3FBE0054D190 /* Project object */;
}
